
Microsoft Visual Studio Solution File, Format Version 12.00
# Visual Studio Version 17
VisualStudioVersion = 17.9.34714.143
MinimumVisualStudioVersion = 10.0.40219.1
Project("{9A19103F-16F7-4668-BE54-9A1E7A4F7556}") = "CVManagementAPI", "CVManagementAPI\CVManagementAPI.csproj", "{DE810A08-A0F2-4FC9-9A63-C01D0461EF4F}"
EndProject
Project("{2150E333-8FDC-42A3-9474-1A3956D46DE8}") = "Solution Items", "Solution Items", "{7354E49A-6DF5-4D52-9755-08028F683EBF}"
	ProjectSection(SolutionItems) = preProject
		.gitignore = .gitignore
	EndProjectSection
EndProject
Global
	GlobalSection(SolutionConfigurationPlatforms) = preSolution
		Debug|Any CPU = Debug|Any CPU
		Release|Any CPU = Release|Any CPU
	EndGlobalSection
	GlobalSection(ProjectConfigurationPlatforms) = postSolution
		{DE810A08-A0F2-4FC9-9A63-C01D0461EF4F}.Debug|Any CPU.ActiveCfg = Debug|Any CPU
		{DE810A08-A0F2-4FC9-9A63-C01D0461EF4F}.Debug|Any CPU.Build.0 = Debug|Any CPU
		{DE810A08-A0F2-4FC9-9A63-C01D0461EF4F}.Release|Any CPU.ActiveCfg = Release|Any CPU
		{DE810A08-A0F2-4FC9-9A63-C01D0461EF4F}.Release|Any CPU.Build.0 = Release|Any CPU
	EndGlobalSection
	GlobalSection(SolutionProperties) = preSolution
		HideSolutionNode = FALSE
	EndGlobalSection
	GlobalSection(ExtensibilityGlobals) = postSolution
		SolutionGuid = {DE1214BC-8470-40F0-B6E8-89574D935C41}
	EndGlobalSection
EndGlobal
