
Microsoft Visual Studio Solution File, Format Version 12.00
# Visual Studio Version 17
VisualStudioVersion = 17.5.002.0
MinimumVisualStudioVersion = 10.0.40219.1
Project("{9A19103F-16F7-4668-BE54-9A1E7A4F7556}") = "CVManagementAPI", "CVManagementAPI.csproj", "{EE954DAB-A0F4-4260-9542-8AB3E8D28937}"
EndProject
Global
	GlobalSection(SolutionConfigurationPlatforms) = preSolution
		Debug|Any CPU = Debug|Any CPU
		Release|Any CPU = Release|Any CPU
	EndGlobalSection
	GlobalSection(ProjectConfigurationPlatforms) = postSolution
		{EE954DAB-A0F4-4260-9542-8AB3E8D28937}.Debug|Any CPU.ActiveCfg = Debug|Any CPU
		{EE954DAB-A0F4-4260-9542-8AB3E8D28937}.Debug|Any CPU.Build.0 = Debug|Any CPU
		{EE954DAB-A0F4-4260-9542-8AB3E8D28937}.Release|Any CPU.ActiveCfg = Release|Any CPU
		{EE954DAB-A0F4-4260-9542-8AB3E8D28937}.Release|Any CPU.Build.0 = Release|Any CPU
	EndGlobalSection
	GlobalSection(SolutionProperties) = preSolution
		HideSolutionNode = FALSE
	EndGlobalSection
	GlobalSection(ExtensibilityGlobals) = postSolution
		SolutionGuid = {FB265C7F-74CA-45B9-B61C-C475AD56D7A2}
	EndGlobalSection
EndGlobal
